// !$*UTF8*$!
{
	archiveVersion = 1;
	classes = {
	};
	objectVersion = 48;
	objects = {

/* Begin PBXBuildFile section */
		1FB206381FBE75D600134EB2 /* AppDelegate.swift in Sources */ = {isa = PBXBuildFile; fileRef = 1FB206371FBE75D600134EB2 /* AppDelegate.swift */; };
		1FB2063A1FBE75D600134EB2 /* ViewController.swift in Sources */ = {isa = PBXBuildFile; fileRef = 1FB206391FBE75D600134EB2 /* ViewController.swift */; };
		1FB2063D1FBE75D600134EB2 /* Main.storyboard in Resources */ = {isa = PBXBuildFile; fileRef = 1FB2063B1FBE75D600134EB2 /* Main.storyboard */; };
		1FB206401FBE75D600134EB2 /* swiftchat.xcdatamodeld in Sources */ = {isa = PBXBuildFile; fileRef = 1FB2063E1FBE75D600134EB2 /* swiftchat.xcdatamodeld */; };
		1FB206421FBE75D600134EB2 /* Assets.xcassets in Resources */ = {isa = PBXBuildFile; fileRef = 1FB206411FBE75D600134EB2 /* Assets.xcassets */; };
		1FB206451FBE75D600134EB2 /* LaunchScreen.storyboard in Resources */ = {isa = PBXBuildFile; fileRef = 1FB206431FBE75D600134EB2 /* LaunchScreen.storyboard */; };
		1FB2064D1FBE769A00134EB2 /* GoogleService-Info.plist in Resources */ = {isa = PBXBuildFile; fileRef = 1FB2064C1FBE769A00134EB2 /* GoogleService-Info.plist */; };
		1FB206501FBF466000134EB2 /* ProfileTableViewController.swift in Sources */ = {isa = PBXBuildFile; fileRef = 1FB2064F1FBF466000134EB2 /* ProfileTableViewController.swift */; };
		1FB206521FBF46DD00134EB2 /* ChatViewController.swift in Sources */ = {isa = PBXBuildFile; fileRef = 1FB206511FBF46DD00134EB2 /* ChatViewController.swift */; };
		1FB206541FBF471F00134EB2 /* SettingsViewController.swift in Sources */ = {isa = PBXBuildFile; fileRef = 1FB206531FBF471F00134EB2 /* SettingsViewController.swift */; };
		1FB206561FBF8F9C00134EB2 /* FirebaseManager.swift in Sources */ = {isa = PBXBuildFile; fileRef = 1FB206551FBF8F9C00134EB2 /* FirebaseManager.swift */; };
		1FB206581FBFA31400134EB2 /* PostManager.swift in Sources */ = {isa = PBXBuildFile; fileRef = 1FB206571FBFA31400134EB2 /* PostManager.swift */; };
		1FB2065A1FBFBC4300134EB2 /* chatTableViewCell.swift in Sources */ = {isa = PBXBuildFile; fileRef = 1FB206591FBFBC4300134EB2 /* chatTableViewCell.swift */; };
		1FB2065C1FBFCAD900134EB2 /* User.swift in Sources */ = {isa = PBXBuildFile; fileRef = 1FB2065B1FBFCAD900134EB2 /* User.swift */; };
		1FB2065E1FBFCE3F00134EB2 /* ProfileManager.swift in Sources */ = {isa = PBXBuildFile; fileRef = 1FB2065D1FBFCE3F00134EB2 /* ProfileManager.swift */; };
		1FB206601FC09B1500134EB2 /* ProfileTableViewCell.swift in Sources */ = {isa = PBXBuildFile; fileRef = 1FB2065F1FC09B1500134EB2 /* ProfileTableViewCell.swift */; };
		1FB206621FC3B59D00134EB2 /* RemoteConfigManager.swift in Sources */ = {isa = PBXBuildFile; fileRef = 1FB206611FC3B59D00134EB2 /* RemoteConfigManager.swift */; };
		D7DD5B0E555C2397C0423896 /* Pods_swiftchat.framework in Frameworks */ = {isa = PBXBuildFile; fileRef = 7A6992C2E3816CF17C91CF2D /* Pods_swiftchat.framework */; };
/* End PBXBuildFile section */

/* Begin PBXFileReference section */
		1FB206341FBE75D600134EB2 /* swiftchat.app */ = {isa = PBXFileReference; explicitFileType = wrapper.application; includeInIndex = 0; path = swiftchat.app; sourceTree = BUILT_PRODUCTS_DIR; };
		1FB206371FBE75D600134EB2 /* AppDelegate.swift */ = {isa = PBXFileReference; lastKnownFileType = sourcecode.swift; path = AppDelegate.swift; sourceTree = "<group>"; };
		1FB206391FBE75D600134EB2 /* ViewController.swift */ = {isa = PBXFileReference; lastKnownFileType = sourcecode.swift; path = ViewController.swift; sourceTree = "<group>"; };
		1FB2063C1FBE75D600134EB2 /* Base */ = {isa = PBXFileReference; lastKnownFileType = file.storyboard; name = Base; path = Base.lproj/Main.storyboard; sourceTree = "<group>"; };
		1FB2063F1FBE75D600134EB2 /* swiftchat.xcdatamodel */ = {isa = PBXFileReference; lastKnownFileType = wrapper.xcdatamodel; path = swiftchat.xcdatamodel; sourceTree = "<group>"; };
		1FB206411FBE75D600134EB2 /* Assets.xcassets */ = {isa = PBXFileReference; lastKnownFileType = folder.assetcatalog; path = Assets.xcassets; sourceTree = "<group>"; };
		1FB206441FBE75D600134EB2 /* Base */ = {isa = PBXFileReference; lastKnownFileType = file.storyboard; name = Base; path = Base.lproj/LaunchScreen.storyboard; sourceTree = "<group>"; };
		1FB206461FBE75D600134EB2 /* Info.plist */ = {isa = PBXFileReference; lastKnownFileType = text.plist.xml; path = Info.plist; sourceTree = "<group>"; };
		1FB2064C1FBE769A00134EB2 /* GoogleService-Info.plist */ = {isa = PBXFileReference; fileEncoding = 4; lastKnownFileType = text.plist.xml; path = "GoogleService-Info.plist"; sourceTree = "<group>"; };
		1FB2064E1FBE78CA00134EB2 /* swiftchat.entitlements */ = {isa = PBXFileReference; lastKnownFileType = text.plist.entitlements; path = swiftchat.entitlements; sourceTree = "<group>"; };
		1FB2064F1FBF466000134EB2 /* ProfileTableViewController.swift */ = {isa = PBXFileReference; lastKnownFileType = sourcecode.swift; path = ProfileTableViewController.swift; sourceTree = "<group>"; };
		1FB206511FBF46DD00134EB2 /* ChatViewController.swift */ = {isa = PBXFileReference; lastKnownFileType = sourcecode.swift; path = ChatViewController.swift; sourceTree = "<group>"; };
		1FB206531FBF471F00134EB2 /* SettingsViewController.swift */ = {isa = PBXFileReference; lastKnownFileType = sourcecode.swift; path = SettingsViewController.swift; sourceTree = "<group>"; };
		1FB206551FBF8F9C00134EB2 /* FirebaseManager.swift */ = {isa = PBXFileReference; lastKnownFileType = sourcecode.swift; path = FirebaseManager.swift; sourceTree = "<group>"; };
		1FB206571FBFA31400134EB2 /* PostManager.swift */ = {isa = PBXFileReference; lastKnownFileType = sourcecode.swift; path = PostManager.swift; sourceTree = "<group>"; };
		1FB206591FBFBC4300134EB2 /* chatTableViewCell.swift */ = {isa = PBXFileReference; lastKnownFileType = sourcecode.swift; path = chatTableViewCell.swift; sourceTree = "<group>"; };
		1FB2065B1FBFCAD900134EB2 /* User.swift */ = {isa = PBXFileReference; lastKnownFileType = sourcecode.swift; path = User.swift; sourceTree = "<group>"; };
		1FB2065D1FBFCE3F00134EB2 /* ProfileManager.swift */ = {isa = PBXFileReference; lastKnownFileType = sourcecode.swift; path = ProfileManager.swift; sourceTree = "<group>"; };
		1FB2065F1FC09B1500134EB2 /* ProfileTableViewCell.swift */ = {isa = PBXFileReference; lastKnownFileType = sourcecode.swift; path = ProfileTableViewCell.swift; sourceTree = "<group>"; };
		1FB206611FC3B59D00134EB2 /* RemoteConfigManager.swift */ = {isa = PBXFileReference; lastKnownFileType = sourcecode.swift; path = RemoteConfigManager.swift; sourceTree = "<group>"; };
		76A05118F999929673B932CF /* Pods-swiftchat.debug.xcconfig */ = {isa = PBXFileReference; includeInIndex = 1; lastKnownFileType = text.xcconfig; name = "Pods-swiftchat.debug.xcconfig"; path = "Pods/Target Support Files/Pods-swiftchat/Pods-swiftchat.debug.xcconfig"; sourceTree = "<group>"; };
		7A6992C2E3816CF17C91CF2D /* Pods_swiftchat.framework */ = {isa = PBXFileReference; explicitFileType = wrapper.framework; includeInIndex = 0; path = Pods_swiftchat.framework; sourceTree = BUILT_PRODUCTS_DIR; };
		963F1DF709D77D795178DF1E /* Pods-swiftchat.release.xcconfig */ = {isa = PBXFileReference; includeInIndex = 1; lastKnownFileType = text.xcconfig; name = "Pods-swiftchat.release.xcconfig"; path = "Pods/Target Support Files/Pods-swiftchat/Pods-swiftchat.release.xcconfig"; sourceTree = "<group>"; };
/* End PBXFileReference section */

/* Begin PBXFrameworksBuildPhase section */
		1FB206311FBE75D600134EB2 /* Frameworks */ = {
			isa = PBXFrameworksBuildPhase;
			buildActionMask = 2147483647;
			files = (
				D7DD5B0E555C2397C0423896 /* Pods_swiftchat.framework in Frameworks */,
			);
			runOnlyForDeploymentPostprocessing = 0;
		};
/* End PBXFrameworksBuildPhase section */

/* Begin PBXGroup section */
		1510F29C84BBF12B65CBCD47 /* Pods */ = {
			isa = PBXGroup;
			children = (
				76A05118F999929673B932CF /* Pods-swiftchat.debug.xcconfig */,
				963F1DF709D77D795178DF1E /* Pods-swiftchat.release.xcconfig */,
			);
			name = Pods;
			sourceTree = "<group>";
		};
		1FB2062B1FBE75D500134EB2 = {
			isa = PBXGroup;
			children = (
				1FB206361FBE75D600134EB2 /* swiftchat */,
				1FB206351FBE75D600134EB2 /* Products */,
				1510F29C84BBF12B65CBCD47 /* Pods */,
				2E9181C9C7DBE7AAAD798154 /* Frameworks */,
			);
			sourceTree = "<group>";
		};
		1FB206351FBE75D600134EB2 /* Products */ = {
			isa = PBXGroup;
			children = (
				1FB206341FBE75D600134EB2 /* swiftchat.app */,
			);
			name = Products;
			sourceTree = "<group>";
		};
		1FB206361FBE75D600134EB2 /* swiftchat */ = {
			isa = PBXGroup;
			children = (
				1FB2064E1FBE78CA00134EB2 /* swiftchat.entitlements */,
				1FB206371FBE75D600134EB2 /* AppDelegate.swift */,
				1FB206391FBE75D600134EB2 /* ViewController.swift */,
				1FB2064F1FBF466000134EB2 /* ProfileTableViewController.swift */,
				1FB2065F1FC09B1500134EB2 /* ProfileTableViewCell.swift */,
				1FB206531FBF471F00134EB2 /* SettingsViewController.swift */,
				1FB206511FBF46DD00134EB2 /* ChatViewController.swift */,
				1FB206591FBFBC4300134EB2 /* chatTableViewCell.swift */,
				1FB2063B1FBE75D600134EB2 /* Main.storyboard */,
				1FB206411FBE75D600134EB2 /* Assets.xcassets */,
				1FB206431FBE75D600134EB2 /* LaunchScreen.storyboard */,
				1FB206461FBE75D600134EB2 /* Info.plist */,
				1FB2063E1FBE75D600134EB2 /* swiftchat.xcdatamodeld */,
				1FB2064C1FBE769A00134EB2 /* GoogleService-Info.plist */,
				1FB206551FBF8F9C00134EB2 /* FirebaseManager.swift */,
				1FB206571FBFA31400134EB2 /* PostManager.swift */,
				1FB2065B1FBFCAD900134EB2 /* User.swift */,
				1FB2065D1FBFCE3F00134EB2 /* ProfileManager.swift */,
				1FB206611FC3B59D00134EB2 /* RemoteConfigManager.swift */,
			);
			path = swiftchat;
			sourceTree = "<group>";
		};
		2E9181C9C7DBE7AAAD798154 /* Frameworks */ = {
			isa = PBXGroup;
			children = (
				7A6992C2E3816CF17C91CF2D /* Pods_swiftchat.framework */,
			);
			name = Frameworks;
			sourceTree = "<group>";
		};
/* End PBXGroup section */

/* Begin PBXNativeTarget section */
		1FB206331FBE75D600134EB2 /* swiftchat */ = {
			isa = PBXNativeTarget;
			buildConfigurationList = 1FB206491FBE75D600134EB2 /* Build configuration list for PBXNativeTarget "swiftchat" */;
			buildPhases = (
				B59835E23260DD2C7EB661E8 /* [CP] Check Pods Manifest.lock */,
				1FB206301FBE75D600134EB2 /* Sources */,
				1FB206311FBE75D600134EB2 /* Frameworks */,
				1FB206321FBE75D600134EB2 /* Resources */,
				A7FF5C001C09D98ECB3F9DFF /* [CP] Embed Pods Frameworks */,
				8801067F2DD7BA50AC77847E /* [CP] Copy Pods Resources */,
			);
			buildRules = (
			);
			dependencies = (
			);
			name = swiftchat;
			productName = swiftchat;
			productReference = 1FB206341FBE75D600134EB2 /* swiftchat.app */;
			productType = "com.apple.product-type.application";
		};
/* End PBXNativeTarget section */

/* Begin PBXProject section */
		1FB2062C1FBE75D600134EB2 /* Project object */ = {
			isa = PBXProject;
			attributes = {
				LastSwiftUpdateCheck = 0910;
				LastUpgradeCheck = 0910;
				ORGANIZATIONNAME = "Travis Cunningham";
				TargetAttributes = {
					1FB206331FBE75D600134EB2 = {
						CreatedOnToolsVersion = 9.1;
						ProvisioningStyle = Automatic;
						SystemCapabilities = {
							com.apple.Keychain = {
								enabled = 1;
							};
						};
					};
				};
			};
			buildConfigurationList = 1FB2062F1FBE75D600134EB2 /* Build configuration list for PBXProject "swiftchat" */;
			compatibilityVersion = "Xcode 8.0";
			developmentRegion = en;
			hasScannedForEncodings = 0;
			knownRegions = (
				en,
				Base,
			);
			mainGroup = 1FB2062B1FBE75D500134EB2;
			productRefGroup = 1FB206351FBE75D600134EB2 /* Products */;
			projectDirPath = "";
			projectRoot = "";
			targets = (
				1FB206331FBE75D600134EB2 /* swiftchat */,
			);
		};
/* End PBXProject section */

/* Begin PBXResourcesBuildPhase section */
		1FB206321FBE75D600134EB2 /* Resources */ = {
			isa = PBXResourcesBuildPhase;
			buildActionMask = 2147483647;
			files = (
				1FB206451FBE75D600134EB2 /* LaunchScreen.storyboard in Resources */,
				1FB2064D1FBE769A00134EB2 /* GoogleService-Info.plist in Resources */,
				1FB206421FBE75D600134EB2 /* Assets.xcassets in Resources */,
				1FB2063D1FBE75D600134EB2 /* Main.storyboard in Resources */,
			);
			runOnlyForDeploymentPostprocessing = 0;
		};
/* End PBXResourcesBuildPhase section */

/* Begin PBXShellScriptBuildPhase section */
		8801067F2DD7BA50AC77847E /* [CP] Copy Pods Resources */ = {
			isa = PBXShellScriptBuildPhase;
			buildActionMask = 2147483647;
			files = (
			);
			inputPaths = (
			);
			name = "[CP] Copy Pods Resources";
			outputPaths = (
			);
			runOnlyForDeploymentPostprocessing = 0;
			shellPath = /bin/sh;
			shellScript = "\"${SRCROOT}/Pods/Target Support Files/Pods-swiftchat/Pods-swiftchat-resources.sh\"\n";
			showEnvVarsInLog = 0;
		};
		A7FF5C001C09D98ECB3F9DFF /* [CP] Embed Pods Frameworks */ = {
			isa = PBXShellScriptBuildPhase;
			buildActionMask = 2147483647;
			files = (
			);
			inputPaths = (
				"${SRCROOT}/Pods/Target Support Files/Pods-swiftchat/Pods-swiftchat-frameworks.sh",
				"${BUILT_PRODUCTS_DIR}/GTMSessionFetcher/GTMSessionFetcher.framework",
				"${BUILT_PRODUCTS_DIR}/GoogleToolboxForMac/GoogleToolboxForMac.framework",
				"${BUILT_PRODUCTS_DIR}/Protobuf/Protobuf.framework",
				"${BUILT_PRODUCTS_DIR}/leveldb-library/leveldb.framework",
				"${BUILT_PRODUCTS_DIR}/nanopb/nanopb.framework",
			);
			name = "[CP] Embed Pods Frameworks";
			outputPaths = (
				"${TARGET_BUILD_DIR}/${FRAMEWORKS_FOLDER_PATH}/GTMSessionFetcher.framework",
				"${TARGET_BUILD_DIR}/${FRAMEWORKS_FOLDER_PATH}/GoogleToolboxForMac.framework",
				"${TARGET_BUILD_DIR}/${FRAMEWORKS_FOLDER_PATH}/Protobuf.framework",
				"${TARGET_BUILD_DIR}/${FRAMEWORKS_FOLDER_PATH}/leveldb.framework",
				"${TARGET_BUILD_DIR}/${FRAMEWORKS_FOLDER_PATH}/nanopb.framework",
			);
			runOnlyForDeploymentPostprocessing = 0;
			shellPath = /bin/sh;
			shellScript = "\"${SRCROOT}/Pods/Target Support Files/Pods-swiftchat/Pods-swiftchat-frameworks.sh\"\n";
			showEnvVarsInLog = 0;
		};
		B59835E23260DD2C7EB661E8 /* [CP] Check Pods Manifest.lock */ = {
			isa = PBXShellScriptBuildPhase;
			buildActionMask = 2147483647;
			files = (
			);
			inputPaths = (
				"${PODS_PODFILE_DIR_PATH}/Podfile.lock",
				"${PODS_ROOT}/Manifest.lock",
			);
			name = "[CP] Check Pods Manifest.lock";
			outputPaths = (
				"$(DERIVED_FILE_DIR)/Pods-swiftchat-checkManifestLockResult.txt",
			);
			runOnlyForDeploymentPostprocessing = 0;
			shellPath = /bin/sh;
			shellScript = "diff \"${PODS_PODFILE_DIR_PATH}/Podfile.lock\" \"${PODS_ROOT}/Manifest.lock\" > /dev/null\nif [ $? != 0 ] ; then\n    # print error to STDERR\n    echo \"error: The sandbox is not in sync with the Podfile.lock. Run 'pod install' or update your CocoaPods installation.\" >&2\n    exit 1\nfi\n# This output is used by Xcode 'outputs' to avoid re-running this script phase.\necho \"SUCCESS\" > \"${SCRIPT_OUTPUT_FILE_0}\"\n";
			showEnvVarsInLog = 0;
		};
/* End PBXShellScriptBuildPhase section */

/* Begin PBXSourcesBuildPhase section */
		1FB206301FBE75D600134EB2 /* Sources */ = {
			isa = PBXSourcesBuildPhase;
			buildActionMask = 2147483647;
			files = (
				1FB2063A1FBE75D600134EB2 /* ViewController.swift in Sources */,
				1FB206401FBE75D600134EB2 /* swiftchat.xcdatamodeld in Sources */,
				1FB206561FBF8F9C00134EB2 /* FirebaseManager.swift in Sources */,
				1FB2065E1FBFCE3F00134EB2 /* ProfileManager.swift in Sources */,
				1FB206501FBF466000134EB2 /* ProfileTableViewController.swift in Sources */,
				1FB206621FC3B59D00134EB2 /* RemoteConfigManager.swift in Sources */,
				1FB206521FBF46DD00134EB2 /* ChatViewController.swift in Sources */,
				1FB2065A1FBFBC4300134EB2 /* chatTableViewCell.swift in Sources */,
				1FB206581FBFA31400134EB2 /* PostManager.swift in Sources */,
				1FB206381FBE75D600134EB2 /* AppDelegate.swift in Sources */,
				1FB206601FC09B1500134EB2 /* ProfileTableViewCell.swift in Sources */,
				1FB2065C1FBFCAD900134EB2 /* User.swift in Sources */,
				1FB206541FBF471F00134EB2 /* SettingsViewController.swift in Sources */,
			);
			runOnlyForDeploymentPostprocessing = 0;
		};
/* End PBXSourcesBuildPhase section */

/* Begin PBXVariantGroup section */
		1FB2063B1FBE75D600134EB2 /* Main.storyboard */ = {
			isa = PBXVariantGroup;
			children = (
				1FB2063C1FBE75D600134EB2 /* Base */,
			);
			name = Main.storyboard;
			sourceTree = "<group>";
		};
		1FB206431FBE75D600134EB2 /* LaunchScreen.storyboard */ = {
			isa = PBXVariantGroup;
			children = (
				1FB206441FBE75D600134EB2 /* Base */,
			);
			name = LaunchScreen.storyboard;
			sourceTree = "<group>";
		};
/* End PBXVariantGroup section */

/* Begin XCBuildConfiguration section */
		1FB206471FBE75D600134EB2 /* Debug */ = {
			isa = XCBuildConfiguration;
			buildSettings = {
				ALWAYS_SEARCH_USER_PATHS = NO;
				CLANG_ANALYZER_NONNULL = YES;
				CLANG_ANALYZER_NUMBER_OBJECT_CONVERSION = YES_AGGRESSIVE;
				CLANG_CXX_LANGUAGE_STANDARD = "gnu++14";
				CLANG_CXX_LIBRARY = "libc++";
				CLANG_ENABLE_MODULES = YES;
				CLANG_ENABLE_OBJC_ARC = YES;
				CLANG_WARN_BLOCK_CAPTURE_AUTORELEASING = YES;
				CLANG_WARN_BOOL_CONVERSION = YES;
				CLANG_WARN_COMMA = YES;
				CLANG_WARN_CONSTANT_CONVERSION = YES;
				CLANG_WARN_DIRECT_OBJC_ISA_USAGE = YES_ERROR;
				CLANG_WARN_DOCUMENTATION_COMMENTS = YES;
				CLANG_WARN_EMPTY_BODY = YES;
				CLANG_WARN_ENUM_CONVERSION = YES;
				CLANG_WARN_INFINITE_RECURSION = YES;
				CLANG_WARN_INT_CONVERSION = YES;
				CLANG_WARN_NON_LITERAL_NULL_CONVERSION = YES;
				CLANG_WARN_OBJC_LITERAL_CONVERSION = YES;
				CLANG_WARN_OBJC_ROOT_CLASS = YES_ERROR;
				CLANG_WARN_RANGE_LOOP_ANALYSIS = YES;
				CLANG_WARN_STRICT_PROTOTYPES = YES;
				CLANG_WARN_SUSPICIOUS_MOVE = YES;
				CLANG_WARN_UNGUARDED_AVAILABILITY = YES_AGGRESSIVE;
				CLANG_WARN_UNREACHABLE_CODE = YES;
				CLANG_WARN__DUPLICATE_METHOD_MATCH = YES;
				CODE_SIGN_IDENTITY = "iPhone Developer";
				COPY_PHASE_STRIP = NO;
				DEBUG_INFORMATION_FORMAT = dwarf;
				ENABLE_STRICT_OBJC_MSGSEND = YES;
				ENABLE_TESTABILITY = YES;
				GCC_C_LANGUAGE_STANDARD = gnu11;
				GCC_DYNAMIC_NO_PIC = NO;
				GCC_NO_COMMON_BLOCKS = YES;
				GCC_OPTIMIZATION_LEVEL = 0;
				GCC_PREPROCESSOR_DEFINITIONS = (
					"DEBUG=1",
					"$(inherited)",
				);
				GCC_WARN_64_TO_32_BIT_CONVERSION = YES;
				GCC_WARN_ABOUT_RETURN_TYPE = YES_ERROR;
				GCC_WARN_UNDECLARED_SELECTOR = YES;
				GCC_WARN_UNINITIALIZED_AUTOS = YES_AGGRESSIVE;
				GCC_WARN_UNUSED_FUNCTION = YES;
				GCC_WARN_UNUSED_VARIABLE = YES;
				IPHONEOS_DEPLOYMENT_TARGET = 11.1;
				MTL_ENABLE_DEBUG_INFO = YES;
				ONLY_ACTIVE_ARCH = YES;
				SDKROOT = iphoneos;
				SWIFT_ACTIVE_COMPILATION_CONDITIONS = DEBUG;
				SWIFT_OPTIMIZATION_LEVEL = "-Onone";
			};
			name = Debug;
		};
		1FB206481FBE75D600134EB2 /* Release */ = {
			isa = XCBuildConfiguration;
			buildSettings = {
				ALWAYS_SEARCH_USER_PATHS = NO;
				CLANG_ANALYZER_NONNULL = YES;
				CLANG_ANALYZER_NUMBER_OBJECT_CONVERSION = YES_AGGRESSIVE;
				CLANG_CXX_LANGUAGE_STANDARD = "gnu++14";
				CLANG_CXX_LIBRARY = "libc++";
				CLANG_ENABLE_MODULES = YES;
				CLANG_ENABLE_OBJC_ARC = YES;
				CLANG_WARN_BLOCK_CAPTURE_AUTORELEASING = YES;
				CLANG_WARN_BOOL_CONVERSION = YES;
				CLANG_WARN_COMMA = YES;
				CLANG_WARN_CONSTANT_CONVERSION = YES;
				CLANG_WARN_DIRECT_OBJC_ISA_USAGE = YES_ERROR;
				CLANG_WARN_DOCUMENTATION_COMMENTS = YES;
				CLANG_WARN_EMPTY_BODY = YES;
				CLANG_WARN_ENUM_CONVERSION = YES;
				CLANG_WARN_INFINITE_RECURSION = YES;
				CLANG_WARN_INT_CONVERSION = YES;
				CLANG_WARN_NON_LITERAL_NULL_CONVERSION = YES;
				CLANG_WARN_OBJC_LITERAL_CONVERSION = YES;
				CLANG_WARN_OBJC_ROOT_CLASS = YES_ERROR;
				CLANG_WARN_RANGE_LOOP_ANALYSIS = YES;
				CLANG_WARN_STRICT_PROTOTYPES = YES;
				CLANG_WARN_SUSPICIOUS_MOVE = YES;
				CLANG_WARN_UNGUARDED_AVAILABILITY = YES_AGGRESSIVE;
				CLANG_WARN_UNREACHABLE_CODE = YES;
				CLANG_WARN__DUPLICATE_METHOD_MATCH = YES;
				CODE_SIGN_IDENTITY = "iPhone Developer";
				COPY_PHASE_STRIP = NO;
				DEBUG_INFORMATION_FORMAT = "dwarf-with-dsym";
				ENABLE_NS_ASSERTIONS = NO;
				ENABLE_STRICT_OBJC_MSGSEND = YES;
				GCC_C_LANGUAGE_STANDARD = gnu11;
				GCC_NO_COMMON_BLOCKS = YES;
				GCC_WARN_64_TO_32_BIT_CONVERSION = YES;
				GCC_WARN_ABOUT_RETURN_TYPE = YES_ERROR;
				GCC_WARN_UNDECLARED_SELECTOR = YES;
				GCC_WARN_UNINITIALIZED_AUTOS = YES_AGGRESSIVE;
				GCC_WARN_UNUSED_FUNCTION = YES;
				GCC_WARN_UNUSED_VARIABLE = YES;
				IPHONEOS_DEPLOYMENT_TARGET = 11.1;
				MTL_ENABLE_DEBUG_INFO = NO;
				SDKROOT = iphoneos;
				SWIFT_OPTIMIZATION_LEVEL = "-Owholemodule";
				VALIDATE_PRODUCT = YES;
			};
			name = Release;
		};
		1FB2064A1FBE75D600134EB2 /* Debug */ = {
			isa = XCBuildConfiguration;
			baseConfigurationReference = 76A05118F999929673B932CF /* Pods-swiftchat.debug.xcconfig */;
			buildSettings = {
				ASSETCATALOG_COMPILER_APPICON_NAME = AppIcon;
				CODE_SIGN_ENTITLEMENTS = swiftchat/swiftchat.entitlements;
				CODE_SIGN_STYLE = Automatic;
				DEVELOPMENT_TEAM = HLC77V4C4H;
				INFOPLIST_FILE = swiftchat/Info.plist;
				LD_RUNPATH_SEARCH_PATHS = "$(inherited) @executable_path/Frameworks";
				PRODUCT_BUNDLE_IDENTIFIER = com.cunningham.travis.swiftchat;
				PRODUCT_NAME = "$(TARGET_NAME)";
				SWIFT_VERSION = 4.0;
				TARGETED_DEVICE_FAMILY = "1,2";
			};
			name = Debug;
		};
		1FB2064B1FBE75D600134EB2 /* Release */ = {
			isa = XCBuildConfiguration;
			baseConfigurationReference = 963F1DF709D77D795178DF1E /* Pods-swiftchat.release.xcconfig */;
			buildSettings = {
				ASSETCATALOG_COMPILER_APPICON_NAME = AppIcon;
				CODE_SIGN_ENTITLEMENTS = swiftchat/swiftchat.entitlements;
				CODE_SIGN_STYLE = Automatic;
				DEVELOPMENT_TEAM = HLC77V4C4H;
				INFOPLIST_FILE = swiftchat/Info.plist;
				LD_RUNPATH_SEARCH_PATHS = "$(inherited) @executable_path/Frameworks";
				PRODUCT_BUNDLE_IDENTIFIER = com.cunningham.travis.swiftchat;
				PRODUCT_NAME = "$(TARGET_NAME)";
				SWIFT_VERSION = 4.0;
				TARGETED_DEVICE_FAMILY = "1,2";
			};
			name = Release;
		};
/* End XCBuildConfiguration section */

/* Begin XCConfigurationList section */
		1FB2062F1FBE75D600134EB2 /* Build configuration list for PBXProject "swiftchat" */ = {
			isa = XCConfigurationList;
			buildConfigurations = (
				1FB206471FBE75D600134EB2 /* Debug */,
				1FB206481FBE75D600134EB2 /* Release */,
			);
			defaultConfigurationIsVisible = 0;
			defaultConfigurationName = Release;
		};
		1FB206491FBE75D600134EB2 /* Build configuration list for PBXNativeTarget "swiftchat" */ = {
			isa = XCConfigurationList;
			buildConfigurations = (
				1FB2064A1FBE75D600134EB2 /* Debug */,
				1FB2064B1FBE75D600134EB2 /* Release */,
			);
			defaultConfigurationIsVisible = 0;
			defaultConfigurationName = Release;
		};
/* End XCConfigurationList section */

/* Begin XCVersionGroup section */
		1FB2063E1FBE75D600134EB2 /* swiftchat.xcdatamodeld */ = {
			isa = XCVersionGroup;
			children = (
				1FB2063F1FBE75D600134EB2 /* swiftchat.xcdatamodel */,
			);
			currentVersion = 1FB2063F1FBE75D600134EB2 /* swiftchat.xcdatamodel */;
			path = swiftchat.xcdatamodeld;
			sourceTree = "<group>";
			versionGroupType = wrapper.xcdatamodel;
		};
/* End XCVersionGroup section */
	};
	rootObject = 1FB2062C1FBE75D600134EB2 /* Project object */;
}
